// !$*UTF8*$!
{
	archiveVersion = 1;
	classes = {
	};
	objectVersion = 55;
	objects = {

/* Begin PBXBuildFile section */
		6285147D286C50EF00DA1780 /* CollectionView.swift in Sources */ = {isa = PBXBuildFile; fileRef = 6285147C286C50EF00DA1780 /* CollectionView.swift */; };
		62851480286C520F00DA1780 /* CollectionViewCell.swift in Sources */ = {isa = PBXBuildFile; fileRef = 6285147F286C520F00DA1780 /* CollectionViewCell.swift */; };
		628C571B286B01ED00457EFC /* HeightTblCell.swift in Sources */ = {isa = PBXBuildFile; fileRef = 628C571A286B01ED00457EFC /* HeightTblCell.swift */; };
		6291E89128646F3F00201677 /* TableViewVC.swift in Sources */ = {isa = PBXBuildFile; fileRef = 6291E89028646F3F00201677 /* TableViewVC.swift */; };
		6291E893286470A900201677 /* TblViewCell.swift in Sources */ = {isa = PBXBuildFile; fileRef = 6291E892286470A900201677 /* TblViewCell.swift */; };
		62D46349286072B500DC23BF /* AppDelegate.swift in Sources */ = {isa = PBXBuildFile; fileRef = 62D46348286072B500DC23BF /* AppDelegate.swift */; };
		62D4634B286072B500DC23BF /* SceneDelegate.swift in Sources */ = {isa = PBXBuildFile; fileRef = 62D4634A286072B500DC23BF /* SceneDelegate.swift */; };
		62D4634D286072B500DC23BF /* ViewController.swift in Sources */ = {isa = PBXBuildFile; fileRef = 62D4634C286072B500DC23BF /* ViewController.swift */; };
		62D46350286072B500DC23BF /* Main.storyboard in Resources */ = {isa = PBXBuildFile; fileRef = 62D4634E286072B500DC23BF /* Main.storyboard */; };
		62D46352286072B700DC23BF /* Assets.xcassets in Resources */ = {isa = PBXBuildFile; fileRef = 62D46351286072B700DC23BF /* Assets.xcassets */; };
		62D46355286072B700DC23BF /* LaunchScreen.storyboard in Resources */ = {isa = PBXBuildFile; fileRef = 62D46353286072B700DC23BF /* LaunchScreen.storyboard */; };
		62D4635F2861CA4800DC23BF /* SecondVC.swift in Sources */ = {isa = PBXBuildFile; fileRef = 62D4635E2861CA4800DC23BF /* SecondVC.swift */; };
		BF6CE8902872A944006A4D29 /* img.png in Resources */ = {isa = PBXBuildFile; fileRef = BF6CE88F2872A944006A4D29 /* img.png */; };
		BF7581892872B0F400FB75CB /* BoxLayoutDesign.swift in Sources */ = {isa = PBXBuildFile; fileRef = BF7581882872B0F400FB75CB /* BoxLayoutDesign.swift */; };
		BF75818B2872B5B800FB75CB /* CollectionViewCellForBox.swift in Sources */ = {isa = PBXBuildFile; fileRef = BF75818A2872B5B800FB75CB /* CollectionViewCellForBox.swift */; };
/* End PBXBuildFile section */

/* Begin PBXFileReference section */
		6285147C286C50EF00DA1780 /* CollectionView.swift */ = {isa = PBXFileReference; lastKnownFileType = sourcecode.swift; path = CollectionView.swift; sourceTree = "<group>"; };
		6285147F286C520F00DA1780 /* CollectionViewCell.swift */ = {isa = PBXFileReference; lastKnownFileType = sourcecode.swift; path = CollectionViewCell.swift; sourceTree = "<group>"; };
		628C571A286B01ED00457EFC /* HeightTblCell.swift */ = {isa = PBXFileReference; lastKnownFileType = sourcecode.swift; path = HeightTblCell.swift; sourceTree = "<group>"; };
		6291E89028646F3F00201677 /* TableViewVC.swift */ = {isa = PBXFileReference; lastKnownFileType = sourcecode.swift; path = TableViewVC.swift; sourceTree = "<group>"; };
		6291E892286470A900201677 /* TblViewCell.swift */ = {isa = PBXFileReference; lastKnownFileType = sourcecode.swift; path = TblViewCell.swift; sourceTree = "<group>"; };
		62D46345286072B500DC23BF /* Demo.app */ = {isa = PBXFileReference; explicitFileType = wrapper.application; includeInIndex = 0; path = Demo.app; sourceTree = BUILT_PRODUCTS_DIR; };
		62D46348286072B500DC23BF /* AppDelegate.swift */ = {isa = PBXFileReference; lastKnownFileType = sourcecode.swift; path = AppDelegate.swift; sourceTree = "<group>"; };
		62D4634A286072B500DC23BF /* SceneDelegate.swift */ = {isa = PBXFileReference; lastKnownFileType = sourcecode.swift; path = SceneDelegate.swift; sourceTree = "<group>"; };
		62D4634C286072B500DC23BF /* ViewController.swift */ = {isa = PBXFileReference; lastKnownFileType = sourcecode.swift; path = ViewController.swift; sourceTree = "<group>"; };
		62D4634F286072B500DC23BF /* Base */ = {isa = PBXFileReference; lastKnownFileType = file.storyboard; name = Base; path = Base.lproj/Main.storyboard; sourceTree = "<group>"; };
		62D46351286072B700DC23BF /* Assets.xcassets */ = {isa = PBXFileReference; lastKnownFileType = folder.assetcatalog; path = Assets.xcassets; sourceTree = "<group>"; };
		62D46354286072B700DC23BF /* Base */ = {isa = PBXFileReference; lastKnownFileType = file.storyboard; name = Base; path = Base.lproj/LaunchScreen.storyboard; sourceTree = "<group>"; };
		62D46356286072B700DC23BF /* Info.plist */ = {isa = PBXFileReference; lastKnownFileType = text.plist.xml; path = Info.plist; sourceTree = "<group>"; };
		62D4635E2861CA4800DC23BF /* SecondVC.swift */ = {isa = PBXFileReference; lastKnownFileType = sourcecode.swift; path = SecondVC.swift; sourceTree = "<group>"; };
		BF6CE88F2872A944006A4D29 /* img.png */ = {isa = PBXFileReference; lastKnownFileType = image.png; path = img.png; sourceTree = "<group>"; };
		BF7581882872B0F400FB75CB /* BoxLayoutDesign.swift */ = {isa = PBXFileReference; lastKnownFileType = sourcecode.swift; path = BoxLayoutDesign.swift; sourceTree = "<group>"; };
		BF75818A2872B5B800FB75CB /* CollectionViewCellForBox.swift */ = {isa = PBXFileReference; lastKnownFileType = sourcecode.swift; path = CollectionViewCellForBox.swift; sourceTree = "<group>"; };
/* End PBXFileReference section */

/* Begin PBXFrameworksBuildPhase section */
		62D46342286072B500DC23BF /* Frameworks */ = {
			isa = PBXFrameworksBuildPhase;
			buildActionMask = 2147483647;
			files = (
			);
			runOnlyForDeploymentPostprocessing = 0;
		};
/* End PBXFrameworksBuildPhase section */

/* Begin PBXGroup section */
		6285147B286C50C300DA1780 /* TableView */ = {
			isa = PBXGroup;
			children = (
				6291E89028646F3F00201677 /* TableViewVC.swift */,
				6291E892286470A900201677 /* TblViewCell.swift */,
			);
			path = TableView;
			sourceTree = "<group>";
		};
		6285147E286C50F700DA1780 /* CollectionView */ = {
			isa = PBXGroup;
			children = (
				6285147C286C50EF00DA1780 /* CollectionView.swift */,
				6285147F286C520F00DA1780 /* CollectionViewCell.swift */,
			);
			path = CollectionView;
			sourceTree = "<group>";
		};
		62D4633C286072B500DC23BF = {
			isa = PBXGroup;
			children = (
				62D46347286072B500DC23BF /* Demo */,
				62D46346286072B500DC23BF /* Products */,
			);
			sourceTree = "<group>";
		};
		62D46346286072B500DC23BF /* Products */ = {
			isa = PBXGroup;
			children = (
				62D46345286072B500DC23BF /* Demo.app */,
			);
			name = Products;
			sourceTree = "<group>";
		};
		62D46347286072B500DC23BF /* Demo */ = {
			isa = PBXGroup;
			children = (
				62D46348286072B500DC23BF /* AppDelegate.swift */,
				62D4634A286072B500DC23BF /* SceneDelegate.swift */,
				62D4634C286072B500DC23BF /* ViewController.swift */,
				62D4635E2861CA4800DC23BF /* SecondVC.swift */,
				BFB4D67F2872F679007A1707 /* BoxLayout */,
				6285147B286C50C300DA1780 /* TableView */,
				62D4634E286072B500DC23BF /* Main.storyboard */,
				62D46351286072B700DC23BF /* Assets.xcassets */,
				62D46353286072B700DC23BF /* LaunchScreen.storyboard */,
				BF6CE88F2872A944006A4D29 /* img.png */,
				62D46356286072B700DC23BF /* Info.plist */,
				628C571A286B01ED00457EFC /* HeightTblCell.swift */,
				6285147E286C50F700DA1780 /* CollectionView */,
			);
			path = Demo;
			sourceTree = "<group>";
		};
		BFB4D67F2872F679007A1707 /* BoxLayout */ = {
			isa = PBXGroup;
			children = (
				BF7581882872B0F400FB75CB /* BoxLayoutDesign.swift */,
				BF75818A2872B5B800FB75CB /* CollectionViewCellForBox.swift */,
			);
			path = BoxLayout;
			sourceTree = "<group>";
		};
/* End PBXGroup section */

/* Begin PBXNativeTarget section */
		62D46344286072B500DC23BF /* Demo */ = {
			isa = PBXNativeTarget;
			buildConfigurationList = 62D46359286072B700DC23BF /* Build configuration list for PBXNativeTarget "Demo" */;
			buildPhases = (
				62D46341286072B500DC23BF /* Sources */,
				62D46342286072B500DC23BF /* Frameworks */,
				62D46343286072B500DC23BF /* Resources */,
			);
			buildRules = (
			);
			dependencies = (
			);
			name = Demo;
			productName = Demo;
			productReference = 62D46345286072B500DC23BF /* Demo.app */;
			productType = "com.apple.product-type.application";
		};
/* End PBXNativeTarget section */

/* Begin PBXProject section */
		62D4633D286072B500DC23BF /* Project object */ = {
			isa = PBXProject;
			attributes = {
				BuildIndependentTargetsInParallel = 1;
				LastSwiftUpdateCheck = 1320;
				LastUpgradeCheck = 1320;
				TargetAttributes = {
					62D46344286072B500DC23BF = {
						CreatedOnToolsVersion = 13.2.1;
					};
				};
			};
			buildConfigurationList = 62D46340286072B500DC23BF /* Build configuration list for PBXProject "Demo" */;
			compatibilityVersion = "Xcode 13.0";
			developmentRegion = en;
			hasScannedForEncodings = 0;
			knownRegions = (
				en,
				Base,
			);
			mainGroup = 62D4633C286072B500DC23BF;
			productRefGroup = 62D46346286072B500DC23BF /* Products */;
			projectDirPath = "";
			projectRoot = "";
			targets = (
				62D46344286072B500DC23BF /* Demo */,
			);
		};
/* End PBXProject section */

/* Begin PBXResourcesBuildPhase section */
		62D46343286072B500DC23BF /* Resources */ = {
			isa = PBXResourcesBuildPhase;
			buildActionMask = 2147483647;
			files = (
				62D46355286072B700DC23BF /* LaunchScreen.storyboard in Resources */,
				62D46352286072B700DC23BF /* Assets.xcassets in Resources */,
				62D46350286072B500DC23BF /* Main.storyboard in Resources */,
				BF6CE8902872A944006A4D29 /* img.png in Resources */,
			);
			runOnlyForDeploymentPostprocessing = 0;
		};
/* End PBXResourcesBuildPhase section */

/* Begin PBXSourcesBuildPhase section */
		62D46341286072B500DC23BF /* Sources */ = {
			isa = PBXSourcesBuildPhase;
			buildActionMask = 2147483647;
			files = (
				62D4634D286072B500DC23BF /* ViewController.swift in Sources */,
				6291E893286470A900201677 /* TblViewCell.swift in Sources */,
				62851480286C520F00DA1780 /* CollectionViewCell.swift in Sources */,
				BF7581892872B0F400FB75CB /* BoxLayoutDesign.swift in Sources */,
				6291E89128646F3F00201677 /* TableViewVC.swift in Sources */,
				62D46349286072B500DC23BF /* AppDelegate.swift in Sources */,
				628C571B286B01ED00457EFC /* HeightTblCell.swift in Sources */,
				62D4635F2861CA4800DC23BF /* SecondVC.swift in Sources */,
				6285147D286C50EF00DA1780 /* CollectionView.swift in Sources */,
				BF75818B2872B5B800FB75CB /* CollectionViewCellForBox.swift in Sources */,
				62D4634B286072B500DC23BF /* SceneDelegate.swift in Sources */,
			);
			runOnlyForDeploymentPostprocessing = 0;
		};
/* End PBXSourcesBuildPhase section */

/* Begin PBXVariantGroup section */
		62D4634E286072B500DC23BF /* Main.storyboard */ = {
			isa = PBXVariantGroup;
			children = (
				62D4634F286072B500DC23BF /* Base */,
			);
			name = Main.storyboard;
			sourceTree = "<group>";
		};
		62D46353286072B700DC23BF /* LaunchScreen.storyboard */ = {
			isa = PBXVariantGroup;
			children = (
				62D46354286072B700DC23BF /* Base */,
			);
			name = LaunchScreen.storyboard;
			sourceTree = "<group>";
		};
/* End PBXVariantGroup section */

/* Begin XCBuildConfiguration section */
		62D46357286072B700DC23BF /* Debug */ = {
			isa = XCBuildConfiguration;
			buildSettings = {
				ALWAYS_SEARCH_USER_PATHS = NO;
				CLANG_ANALYZER_NONNULL = YES;
				CLANG_ANALYZER_NUMBER_OBJECT_CONVERSION = YES_AGGRESSIVE;
				CLANG_CXX_LANGUAGE_STANDARD = "gnu++17";
				CLANG_CXX_LIBRARY = "libc++";
				CLANG_ENABLE_MODULES = YES;
				CLANG_ENABLE_OBJC_ARC = YES;
				CLANG_ENABLE_OBJC_WEAK = YES;
				CLANG_WARN_BLOCK_CAPTURE_AUTORELEASING = YES;
				CLANG_WARN_BOOL_CONVERSION = YES;
				CLANG_WARN_COMMA = YES;
				CLANG_WARN_CONSTANT_CONVERSION = YES;
				CLANG_WARN_DEPRECATED_OBJC_IMPLEMENTATIONS = YES;
				CLANG_WARN_DIRECT_OBJC_ISA_USAGE = YES_ERROR;
				CLANG_WARN_DOCUMENTATION_COMMENTS = YES;
				CLANG_WARN_EMPTY_BODY = YES;
				CLANG_WARN_ENUM_CONVERSION = YES;
				CLANG_WARN_INFINITE_RECURSION = YES;
				CLANG_WARN_INT_CONVERSION = YES;
				CLANG_WARN_NON_LITERAL_NULL_CONVERSION = YES;
				CLANG_WARN_OBJC_IMPLICIT_RETAIN_SELF = YES;
				CLANG_WARN_OBJC_LITERAL_CONVERSION = YES;
				CLANG_WARN_OBJC_ROOT_CLASS = YES_ERROR;
				CLANG_WARN_QUOTED_INCLUDE_IN_FRAMEWORK_HEADER = YES;
				CLANG_WARN_RANGE_LOOP_ANALYSIS = YES;
				CLANG_WARN_STRICT_PROTOTYPES = YES;
				CLANG_WARN_SUSPICIOUS_MOVE = YES;
				CLANG_WARN_UNGUARDED_AVAILABILITY = YES_AGGRESSIVE;
				CLANG_WARN_UNREACHABLE_CODE = YES;
				CLANG_WARN__DUPLICATE_METHOD_MATCH = YES;
				COPY_PHASE_STRIP = NO;
				DEBUG_INFORMATION_FORMAT = dwarf;
				ENABLE_STRICT_OBJC_MSGSEND = YES;
				ENABLE_TESTABILITY = YES;
				GCC_C_LANGUAGE_STANDARD = gnu11;
				GCC_DYNAMIC_NO_PIC = NO;
				GCC_NO_COMMON_BLOCKS = YES;
				GCC_OPTIMIZATION_LEVEL = 0;
				GCC_PREPROCESSOR_DEFINITIONS = (
					"DEBUG=1",
					"$(inherited)",
				);
				GCC_WARN_64_TO_32_BIT_CONVERSION = YES;
				GCC_WARN_ABOUT_RETURN_TYPE = YES_ERROR;
				GCC_WARN_UNDECLARED_SELECTOR = YES;
				GCC_WARN_UNINITIALIZED_AUTOS = YES_AGGRESSIVE;
				GCC_WARN_UNUSED_FUNCTION = YES;
				GCC_WARN_UNUSED_VARIABLE = YES;
				IPHONEOS_DEPLOYMENT_TARGET = 15.2;
				MTL_ENABLE_DEBUG_INFO = INCLUDE_SOURCE;
				MTL_FAST_MATH = YES;
				ONLY_ACTIVE_ARCH = YES;
				SDKROOT = iphoneos;
				SWIFT_ACTIVE_COMPILATION_CONDITIONS = DEBUG;
				SWIFT_OPTIMIZATION_LEVEL = "-Onone";
			};
			name = Debug;
		};
		62D46358286072B700DC23BF /* Release */ = {
			isa = XCBuildConfiguration;
			buildSettings = {
				ALWAYS_SEARCH_USER_PATHS = NO;
				CLANG_ANALYZER_NONNULL = YES;
				CLANG_ANALYZER_NUMBER_OBJECT_CONVERSION = YES_AGGRESSIVE;
				CLANG_CXX_LANGUAGE_STANDARD = "gnu++17";
				CLANG_CXX_LIBRARY = "libc++";
				CLANG_ENABLE_MODULES = YES;
				CLANG_ENABLE_OBJC_ARC = YES;
				CLANG_ENABLE_OBJC_WEAK = YES;
				CLANG_WARN_BLOCK_CAPTURE_AUTORELEASING = YES;
				CLANG_WARN_BOOL_CONVERSION = YES;
				CLANG_WARN_COMMA = YES;
				CLANG_WARN_CONSTANT_CONVERSION = YES;
				CLANG_WARN_DEPRECATED_OBJC_IMPLEMENTATIONS = YES;
				CLANG_WARN_DIRECT_OBJC_ISA_USAGE = YES_ERROR;
				CLANG_WARN_DOCUMENTATION_COMMENTS = YES;
				CLANG_WARN_EMPTY_BODY = YES;
				CLANG_WARN_ENUM_CONVERSION = YES;
				CLANG_WARN_INFINITE_RECURSION = YES;
				CLANG_WARN_INT_CONVERSION = YES;
				CLANG_WARN_NON_LITERAL_NULL_CONVERSION = YES;
				CLANG_WARN_OBJC_IMPLICIT_RETAIN_SELF = YES;
				CLANG_WARN_OBJC_LITERAL_CONVERSION = YES;
				CLANG_WARN_OBJC_ROOT_CLASS = YES_ERROR;
				CLANG_WARN_QUOTED_INCLUDE_IN_FRAMEWORK_HEADER = YES;
				CLANG_WARN_RANGE_LOOP_ANALYSIS = YES;
				CLANG_WARN_STRICT_PROTOTYPES = YES;
				CLANG_WARN_SUSPICIOUS_MOVE = YES;
				CLANG_WARN_UNGUARDED_AVAILABILITY = YES_AGGRESSIVE;
				CLANG_WARN_UNREACHABLE_CODE = YES;
				CLANG_WARN__DUPLICATE_METHOD_MATCH = YES;
				COPY_PHASE_STRIP = NO;
				DEBUG_INFORMATION_FORMAT = "dwarf-with-dsym";
				ENABLE_NS_ASSERTIONS = NO;
				ENABLE_STRICT_OBJC_MSGSEND = YES;
				GCC_C_LANGUAGE_STANDARD = gnu11;
				GCC_NO_COMMON_BLOCKS = YES;
				GCC_WARN_64_TO_32_BIT_CONVERSION = YES;
				GCC_WARN_ABOUT_RETURN_TYPE = YES_ERROR;
				GCC_WARN_UNDECLARED_SELECTOR = YES;
				GCC_WARN_UNINITIALIZED_AUTOS = YES_AGGRESSIVE;
				GCC_WARN_UNUSED_FUNCTION = YES;
				GCC_WARN_UNUSED_VARIABLE = YES;
				IPHONEOS_DEPLOYMENT_TARGET = 15.2;
				MTL_ENABLE_DEBUG_INFO = NO;
				MTL_FAST_MATH = YES;
				SDKROOT = iphoneos;
				SWIFT_COMPILATION_MODE = wholemodule;
				SWIFT_OPTIMIZATION_LEVEL = "-O";
				VALIDATE_PRODUCT = YES;
			};
			name = Release;
		};
		62D4635A286072B700DC23BF /* Debug */ = {
			isa = XCBuildConfiguration;
			buildSettings = {
				ASSETCATALOG_COMPILER_APPICON_NAME = AppIcon;
				ASSETCATALOG_COMPILER_GLOBAL_ACCENT_COLOR_NAME = AccentColor;
				CODE_SIGN_STYLE = Automatic;
				CURRENT_PROJECT_VERSION = 1;
				DEVELOPMENT_TEAM = TZ5A4HVB5H;
				GENERATE_INFOPLIST_FILE = YES;
				INFOPLIST_FILE = Demo/Info.plist;
				INFOPLIST_KEY_UIApplicationSupportsIndirectInputEvents = YES;
				INFOPLIST_KEY_UILaunchStoryboardName = LaunchScreen;
				INFOPLIST_KEY_UIMainStoryboardFile = Main;
				INFOPLIST_KEY_UISupportedInterfaceOrientations_iPad = "UIInterfaceOrientationPortrait UIInterfaceOrientationPortraitUpsideDown UIInterfaceOrientationLandscapeLeft UIInterfaceOrientationLandscapeRight";
				INFOPLIST_KEY_UISupportedInterfaceOrientations_iPhone = "UIInterfaceOrientationPortrait UIInterfaceOrientationLandscapeLeft UIInterfaceOrientationLandscapeRight";
				LD_RUNPATH_SEARCH_PATHS = (
					"$(inherited)",
					"@executable_path/Frameworks",
				);
				MARKETING_VERSION = 1.0;
				PRODUCT_BUNDLE_IDENTIFIER = com.elsner.Demo;
				PRODUCT_NAME = "$(TARGET_NAME)";
				SWIFT_EMIT_LOC_STRINGS = YES;
				SWIFT_VERSION = 5.0;
				TARGETED_DEVICE_FAMILY = "1,2";
			};
			name = Debug;
		};
		62D4635B286072B700DC23BF /* Release */ = {
			isa = XCBuildConfiguration;
			buildSettings = {
				ASSETCATALOG_COMPILER_APPICON_NAME = AppIcon;
				ASSETCATALOG_COMPILER_GLOBAL_ACCENT_COLOR_NAME = AccentColor;
				CODE_SIGN_STYLE = Automatic;
				CURRENT_PROJECT_VERSION = 1;
				DEVELOPMENT_TEAM = TZ5A4HVB5H;
				GENERATE_INFOPLIST_FILE = YES;
				INFOPLIST_FILE = Demo/Info.plist;
				INFOPLIST_KEY_UIApplicationSupportsIndirectInputEvents = YES;
				INFOPLIST_KEY_UILaunchStoryboardName = LaunchScreen;
				INFOPLIST_KEY_UIMainStoryboardFile = Main;
				INFOPLIST_KEY_UISupportedInterfaceOrientations_iPad = "UIInterfaceOrientationPortrait UIInterfaceOrientationPortraitUpsideDown UIInterfaceOrientationLandscapeLeft UIInterfaceOrientationLandscapeRight";
				INFOPLIST_KEY_UISupportedInterfaceOrientations_iPhone = "UIInterfaceOrientationPortrait UIInterfaceOrientationLandscapeLeft UIInterfaceOrientationLandscapeRight";
				LD_RUNPATH_SEARCH_PATHS = (
					"$(inherited)",
					"@executable_path/Frameworks",
				);
				MARKETING_VERSION = 1.0;
				PRODUCT_BUNDLE_IDENTIFIER = com.elsner.Demo;
				PRODUCT_NAME = "$(TARGET_NAME)";
				SWIFT_EMIT_LOC_STRINGS = YES;
				SWIFT_VERSION = 5.0;
				TARGETED_DEVICE_FAMILY = "1,2";
			};
			name = Release;
		};
/* End XCBuildConfiguration section */

/* Begin XCConfigurationList section */
		62D46340286072B500DC23BF /* Build configuration list for PBXProject "Demo" */ = {
			isa = XCConfigurationList;
			buildConfigurations = (
				62D46357286072B700DC23BF /* Debug */,
				62D46358286072B700DC23BF /* Release */,
			);
			defaultConfigurationIsVisible = 0;
			defaultConfigurationName = Release;
		};
		62D46359286072B700DC23BF /* Build configuration list for PBXNativeTarget "Demo" */ = {
			isa = XCConfigurationList;
			buildConfigurations = (
				62D4635A286072B700DC23BF /* Debug */,
				62D4635B286072B700DC23BF /* Release */,
			);
			defaultConfigurationIsVisible = 0;
			defaultConfigurationName = Release;
		};
/* End XCConfigurationList section */
	};
	rootObject = 62D4633D286072B500DC23BF /* Project object */;
}
